
Microsoft Visual Studio Solution File, Format Version 12.00
# Visual Studio Version 16
VisualStudioVersion = 16.0.29519.87
MinimumVisualStudioVersion = 10.0.40219.1
Project("{9A19103F-16F7-4668-BE54-9A1E7A4F7556}") = "JiraEpicVisualizer", "JiraEpicVisualizer\JiraEpicVisualizer.csproj", "{9226DF96-E650-4C0D-B9C6-F144F2399149}"
EndProject
Global
	GlobalSection(SolutionConfigurationPlatforms) = preSolution
		Debug|Any CPU = Debug|Any CPU
		Release|Any CPU = Release|Any CPU
	EndGlobalSection
	GlobalSection(ProjectConfigurationPlatforms) = postSolution
		{9226DF96-E650-4C0D-B9C6-F144F2399149}.Debug|Any CPU.ActiveCfg = Debug|Any CPU
		{9226DF96-E650-4C0D-B9C6-F144F2399149}.Debug|Any CPU.Build.0 = Debug|Any CPU
		{9226DF96-E650-4C0D-B9C6-F144F2399149}.Release|Any CPU.ActiveCfg = Release|Any CPU
		{9226DF96-E650-4C0D-B9C6-F144F2399149}.Release|Any CPU.Build.0 = Release|Any CPU
	EndGlobalSection
	GlobalSection(SolutionProperties) = preSolution
		HideSolutionNode = FALSE
	EndGlobalSection
	GlobalSection(ExtensibilityGlobals) = postSolution
		SolutionGuid = {0C6FF564-67F6-407E-A90A-524F5AE1FFFF}
	EndGlobalSection
EndGlobal
