
Microsoft Visual Studio Solution File, Format Version 12.00
# Visual Studio Version 16
VisualStudioVersion = 16.0.29519.87
MinimumVisualStudioVersion = 10.0.40219.1
Project("{2150E333-8FDC-42A3-9474-1A3956D46DE8}") = "src", "src", "{6EA25A89-595B-43AB-B692-0C050817B22E}"
EndProject
Project("{9A19103F-16F7-4668-BE54-9A1E7A4F7556}") = "JiraEpicRoadmapper.Models", "src\JiraEpicRoadmapper.Models\JiraEpicRoadmapper.Models.csproj", "{D9F9C8A6-2AB2-40E0-ACDE-93C7A14D2BFC}"
EndProject
Project("{9A19103F-16F7-4668-BE54-9A1E7A4F7556}") = "JiraEpicRoadmapper.Client", "src\JiraEpicRoadmapper.Client\JiraEpicRoadmapper.Client.csproj", "{C3FEF300-5974-4CAD-BD50-1178B07DEECA}"
EndProject
Project("{9A19103F-16F7-4668-BE54-9A1E7A4F7556}") = "JiraEpicRoadmapper.Server", "src\JiraEpicRoadmapper.Server\JiraEpicRoadmapper.Server.csproj", "{46878A21-FAA5-4D0A-BEBC-DB96933E1955}"
EndProject
Project("{2150E333-8FDC-42A3-9474-1A3956D46DE8}") = "test", "test", "{0CCCBBEB-CF14-447B-A37B-CCD68B87E44F}"
EndProject
Global
	GlobalSection(SolutionConfigurationPlatforms) = preSolution
		Debug|Any CPU = Debug|Any CPU
		Release|Any CPU = Release|Any CPU
	EndGlobalSection
	GlobalSection(ProjectConfigurationPlatforms) = postSolution
		{D9F9C8A6-2AB2-40E0-ACDE-93C7A14D2BFC}.Debug|Any CPU.ActiveCfg = Debug|Any CPU
		{D9F9C8A6-2AB2-40E0-ACDE-93C7A14D2BFC}.Debug|Any CPU.Build.0 = Debug|Any CPU
		{D9F9C8A6-2AB2-40E0-ACDE-93C7A14D2BFC}.Release|Any CPU.ActiveCfg = Release|Any CPU
		{D9F9C8A6-2AB2-40E0-ACDE-93C7A14D2BFC}.Release|Any CPU.Build.0 = Release|Any CPU
		{C3FEF300-5974-4CAD-BD50-1178B07DEECA}.Debug|Any CPU.ActiveCfg = Debug|Any CPU
		{C3FEF300-5974-4CAD-BD50-1178B07DEECA}.Debug|Any CPU.Build.0 = Debug|Any CPU
		{C3FEF300-5974-4CAD-BD50-1178B07DEECA}.Release|Any CPU.ActiveCfg = Release|Any CPU
		{C3FEF300-5974-4CAD-BD50-1178B07DEECA}.Release|Any CPU.Build.0 = Release|Any CPU
		{46878A21-FAA5-4D0A-BEBC-DB96933E1955}.Debug|Any CPU.ActiveCfg = Debug|Any CPU
		{46878A21-FAA5-4D0A-BEBC-DB96933E1955}.Debug|Any CPU.Build.0 = Debug|Any CPU
		{46878A21-FAA5-4D0A-BEBC-DB96933E1955}.Release|Any CPU.ActiveCfg = Release|Any CPU
		{46878A21-FAA5-4D0A-BEBC-DB96933E1955}.Release|Any CPU.Build.0 = Release|Any CPU
	EndGlobalSection
	GlobalSection(SolutionProperties) = preSolution
		HideSolutionNode = FALSE
	EndGlobalSection
	GlobalSection(NestedProjects) = preSolution
		{D9F9C8A6-2AB2-40E0-ACDE-93C7A14D2BFC} = {6EA25A89-595B-43AB-B692-0C050817B22E}
		{C3FEF300-5974-4CAD-BD50-1178B07DEECA} = {6EA25A89-595B-43AB-B692-0C050817B22E}
		{46878A21-FAA5-4D0A-BEBC-DB96933E1955} = {6EA25A89-595B-43AB-B692-0C050817B22E}
	EndGlobalSection
	GlobalSection(ExtensibilityGlobals) = postSolution
		SolutionGuid = {0C6FF564-67F6-407E-A90A-524F5AE1FFFF}
	EndGlobalSection
EndGlobal
