
Microsoft Visual Studio Solution File, Format Version 12.00
# Visual Studio Version 16
VisualStudioVersion = 16.0.29519.87
MinimumVisualStudioVersion = 10.0.40219.1
Project("{2150E333-8FDC-42A3-9474-1A3956D46DE8}") = "src", "src", "{BF12312F-13E4-472B-9A69-5D0A49CACCA5}"
EndProject
Project("{2150E333-8FDC-42A3-9474-1A3956D46DE8}") = "test", "test", "{649E23B0-1CF4-4682-A4B7-82B227DA2344}"
EndProject
Project("{9A19103F-16F7-4668-BE54-9A1E7A4F7556}") = "JiraEpicRoadmapper.Server", "src\JiraEpicRoadmapper.Server\JiraEpicRoadmapper.Server.csproj", "{D4ED8AAB-CC88-48E1-A547-1070A11A6D35}"
EndProject
Project("{9A19103F-16F7-4668-BE54-9A1E7A4F7556}") = "JiraEpicRoadmapper.Server.UnitTests", "test\JiraEpicRoadmapper.Server.UnitTests\JiraEpicRoadmapper.Server.UnitTests.csproj", "{2DE1C40F-9884-453A-AF49-926F234829C0}"
EndProject
Project("{9A19103F-16F7-4668-BE54-9A1E7A4F7556}") = "JiraEpicRoadmapper.Contracts", "src\JiraEpicRoadmapper.Contracts\JiraEpicRoadmapper.Contracts.csproj", "{6CE260B2-5AB9-4D36-A346-753F3BBE644F}"
EndProject
Project("{9A19103F-16F7-4668-BE54-9A1E7A4F7556}") = "JiraEpicRoadmapper.UI", "src\JiraEpicRoadmapper.UI\JiraEpicRoadmapper.UI.csproj", "{01558FE5-EDE8-454E-A1DC-36111E1ABA81}"
EndProject
Project("{9A19103F-16F7-4668-BE54-9A1E7A4F7556}") = "JiraEpicRoadmapper.UI.Tests", "test\JiraEpicRoadmapper.UI.Tests\JiraEpicRoadmapper.UI.Tests.csproj", "{9DBF1A3B-90BF-4F85-AAD5-D2006655DDB6}"
EndProject
Project("{FAE04EC0-301F-11D3-BF4B-00C04F79EFBC}") = "JiraEpicRoadmapper.UI.UnitTests", "test\JiraEpicRoadmapper.UI.UnitTests\JiraEpicRoadmapper.UI.UnitTests.csproj", "{E0E13E62-CF06-41ED-A447-96DCA195867A}"
EndProject
Global
	GlobalSection(SolutionConfigurationPlatforms) = preSolution
		Debug|Any CPU = Debug|Any CPU
		Release|Any CPU = Release|Any CPU
	EndGlobalSection
	GlobalSection(ProjectConfigurationPlatforms) = postSolution
		{D4ED8AAB-CC88-48E1-A547-1070A11A6D35}.Debug|Any CPU.ActiveCfg = Debug|Any CPU
		{D4ED8AAB-CC88-48E1-A547-1070A11A6D35}.Debug|Any CPU.Build.0 = Debug|Any CPU
		{D4ED8AAB-CC88-48E1-A547-1070A11A6D35}.Release|Any CPU.ActiveCfg = Release|Any CPU
		{D4ED8AAB-CC88-48E1-A547-1070A11A6D35}.Release|Any CPU.Build.0 = Release|Any CPU
		{2DE1C40F-9884-453A-AF49-926F234829C0}.Debug|Any CPU.ActiveCfg = Debug|Any CPU
		{2DE1C40F-9884-453A-AF49-926F234829C0}.Debug|Any CPU.Build.0 = Debug|Any CPU
		{2DE1C40F-9884-453A-AF49-926F234829C0}.Release|Any CPU.ActiveCfg = Release|Any CPU
		{2DE1C40F-9884-453A-AF49-926F234829C0}.Release|Any CPU.Build.0 = Release|Any CPU
		{6CE260B2-5AB9-4D36-A346-753F3BBE644F}.Debug|Any CPU.ActiveCfg = Debug|Any CPU
		{6CE260B2-5AB9-4D36-A346-753F3BBE644F}.Debug|Any CPU.Build.0 = Debug|Any CPU
		{6CE260B2-5AB9-4D36-A346-753F3BBE644F}.Release|Any CPU.ActiveCfg = Release|Any CPU
		{6CE260B2-5AB9-4D36-A346-753F3BBE644F}.Release|Any CPU.Build.0 = Release|Any CPU
		{01558FE5-EDE8-454E-A1DC-36111E1ABA81}.Debug|Any CPU.ActiveCfg = Debug|Any CPU
		{01558FE5-EDE8-454E-A1DC-36111E1ABA81}.Debug|Any CPU.Build.0 = Debug|Any CPU
		{01558FE5-EDE8-454E-A1DC-36111E1ABA81}.Release|Any CPU.ActiveCfg = Release|Any CPU
		{01558FE5-EDE8-454E-A1DC-36111E1ABA81}.Release|Any CPU.Build.0 = Release|Any CPU
		{9DBF1A3B-90BF-4F85-AAD5-D2006655DDB6}.Debug|Any CPU.ActiveCfg = Debug|Any CPU
		{9DBF1A3B-90BF-4F85-AAD5-D2006655DDB6}.Debug|Any CPU.Build.0 = Debug|Any CPU
		{9DBF1A3B-90BF-4F85-AAD5-D2006655DDB6}.Release|Any CPU.ActiveCfg = Release|Any CPU
		{9DBF1A3B-90BF-4F85-AAD5-D2006655DDB6}.Release|Any CPU.Build.0 = Release|Any CPU
		{E0E13E62-CF06-41ED-A447-96DCA195867A}.Debug|Any CPU.ActiveCfg = Debug|Any CPU
		{E0E13E62-CF06-41ED-A447-96DCA195867A}.Debug|Any CPU.Build.0 = Debug|Any CPU
		{E0E13E62-CF06-41ED-A447-96DCA195867A}.Release|Any CPU.ActiveCfg = Release|Any CPU
		{E0E13E62-CF06-41ED-A447-96DCA195867A}.Release|Any CPU.Build.0 = Release|Any CPU
	EndGlobalSection
	GlobalSection(SolutionProperties) = preSolution
		HideSolutionNode = FALSE
	EndGlobalSection
	GlobalSection(NestedProjects) = preSolution
		{D4ED8AAB-CC88-48E1-A547-1070A11A6D35} = {BF12312F-13E4-472B-9A69-5D0A49CACCA5}
		{2DE1C40F-9884-453A-AF49-926F234829C0} = {649E23B0-1CF4-4682-A4B7-82B227DA2344}
		{6CE260B2-5AB9-4D36-A346-753F3BBE644F} = {BF12312F-13E4-472B-9A69-5D0A49CACCA5}
		{01558FE5-EDE8-454E-A1DC-36111E1ABA81} = {BF12312F-13E4-472B-9A69-5D0A49CACCA5}
		{9DBF1A3B-90BF-4F85-AAD5-D2006655DDB6} = {649E23B0-1CF4-4682-A4B7-82B227DA2344}
		{E0E13E62-CF06-41ED-A447-96DCA195867A} = {649E23B0-1CF4-4682-A4B7-82B227DA2344}
	EndGlobalSection
	GlobalSection(ExtensibilityGlobals) = postSolution
		SolutionGuid = {0C6FF564-67F6-407E-A90A-524F5AE1FFFF}
	EndGlobalSection
EndGlobal
